
Microsoft Visual Studio Solution File, Format Version 12.00
# Visual Studio Version 16
VisualStudioVersion = 16.0.30011.22
MinimumVisualStudioVersion = 10.0.40219.1
Project("{FAE04EC0-301F-11D3-BF4B-00C04F79EFBC}") = "TicketDSJ", "TicketDSJ\TicketDSJ.csproj", "{60B4EFCD-DA40-4EFD-BE52-67FF35A12806}"
EndProject
Global
	GlobalSection(SolutionConfigurationPlatforms) = preSolution
		Debug|Any CPU = Debug|Any CPU
		Release|Any CPU = Release|Any CPU
	EndGlobalSection
	GlobalSection(ProjectConfigurationPlatforms) = postSolution
		{60B4EFCD-DA40-4EFD-BE52-67FF35A12806}.Debug|Any CPU.ActiveCfg = Debug|Any CPU
		{60B4EFCD-DA40-4EFD-BE52-67FF35A12806}.Debug|Any CPU.Build.0 = Debug|Any CPU
		{60B4EFCD-DA40-4EFD-BE52-67FF35A12806}.Release|Any CPU.ActiveCfg = Release|Any CPU
		{60B4EFCD-DA40-4EFD-BE52-67FF35A12806}.Release|Any CPU.Build.0 = Release|Any CPU
	EndGlobalSection
	GlobalSection(SolutionProperties) = preSolution
		HideSolutionNode = FALSE
	EndGlobalSection
	GlobalSection(ExtensibilityGlobals) = postSolution
		SolutionGuid = {AF9BC612-22B9-4057-BF03-6E43D51C9EF7}
	EndGlobalSection
EndGlobal
